
Microsoft Visual Studio Solution File, Format Version 12.00
# Visual Studio Version 16
VisualStudioVersion = 25.0.1706.7
MinimumVisualStudioVersion = 10.0.40219.1
Project("{FAE04EC0-301F-11D3-BF4B-00C04F79EFBC}") = "RuchikaProductsApp", "RuchikaProductsApp.csproj", "{70753C0A-4848-40B6-8272-BB55D20BEEC1}"
EndProject
Global
	GlobalSection(SolutionConfigurationPlatforms) = preSolution
		Debug|Any CPU = Debug|Any CPU
		Release|Any CPU = Release|Any CPU
	EndGlobalSection
	GlobalSection(ProjectConfigurationPlatforms) = postSolution
		{70753C0A-4848-40B6-8272-BB55D20BEEC1}.Debug|Any CPU.ActiveCfg = Debug|Any CPU
		{70753C0A-4848-40B6-8272-BB55D20BEEC1}.Debug|Any CPU.Build.0 = Debug|Any CPU
		{70753C0A-4848-40B6-8272-BB55D20BEEC1}.Release|Any CPU.ActiveCfg = Release|Any CPU
		{70753C0A-4848-40B6-8272-BB55D20BEEC1}.Release|Any CPU.Build.0 = Release|Any CPU
	EndGlobalSection
	GlobalSection(SolutionProperties) = preSolution
		HideSolutionNode = FALSE
	EndGlobalSection
	GlobalSection(ExtensibilityGlobals) = postSolution
		SolutionGuid = {1A4601BD-B131-4DC5-A40B-7C7C8BC0FCE8}
	EndGlobalSection
EndGlobal
